// !$*UTF8*$!
{
	archiveVersion = 1;
	classes = {
	};
	objectVersion = 56;
	objects = {

/* Begin PBXBuildFile section */
		7E0AE6A72B869EC100372FD4 /* PostListManager.swift in Sources */ = {isa = PBXBuildFile; fileRef = 7E0AE6A62B869EC100372FD4 /* PostListManager.swift */; };
		7E1B5F812BBDB5A400FA04E9 /* PostStructures.swift in Sources */ = {isa = PBXBuildFile; fileRef = 7E1B5F802BBDB5A400FA04E9 /* PostStructures.swift */; };
		7E1B5F832BBDB5BE00FA04E9 /* Errors.swift in Sources */ = {isa = PBXBuildFile; fileRef = 7E1B5F822BBDB5BE00FA04E9 /* Errors.swift */; };
		7E1B5F852BBDB5EA00FA04E9 /* CommentStructures.swift in Sources */ = {isa = PBXBuildFile; fileRef = 7E1B5F842BBDB5EA00FA04E9 /* CommentStructures.swift */; };
		7E1B5F8C2BBDB75600FA04E9 /* TimeManager.swift in Sources */ = {isa = PBXBuildFile; fileRef = 7E1B5F8B2BBDB75600FA04E9 /* TimeManager.swift */; };
		7E1B5F8E2BBDBB2000FA04E9 /* CommentFetcher.swift in Sources */ = {isa = PBXBuildFile; fileRef = 7E1B5F8D2BBDBB2000FA04E9 /* CommentFetcher.swift */; };
		7E1B5F932BBDBCD800FA04E9 /* CommentView.swift in Sources */ = {isa = PBXBuildFile; fileRef = 7E1B5F922BBDBCD800FA04E9 /* CommentView.swift */; };
		7E1B5F952BBDBE7300FA04E9 /* CommentDetailsView.swift in Sources */ = {isa = PBXBuildFile; fileRef = 7E1B5F942BBDBE7300FA04E9 /* CommentDetailsView.swift */; };
		7E1B5F972BBDBEDE00FA04E9 /* CommentListView.swift in Sources */ = {isa = PBXBuildFile; fileRef = 7E1B5F962BBDBEDE00FA04E9 /* CommentListView.swift */; };
		7E2324192B8F9205004EBA7C /* BookmarkView.swift in Sources */ = {isa = PBXBuildFile; fileRef = 7E2324182B8F9205004EBA7C /* BookmarkView.swift */; };
		7E24584F2BC98FA200AAE9AF /* CommentsListManager.swift in Sources */ = {isa = PBXBuildFile; fileRef = 7E24584E2BC98FA200AAE9AF /* CommentsListManager.swift */; };
		7E2E2F422B7E31C00068425B /* PostFetcher.swift in Sources */ = {isa = PBXBuildFile; fileRef = 7E2E2F412B7E31C00068425B /* PostFetcher.swift */; };
		7E38C2D32B73F89C00951752 /* SDWebImage in Frameworks */ = {isa = PBXBuildFile; productRef = 7E38C2D22B73F89C00951752 /* SDWebImage */; };
		7E38C2D52B73F89C00951752 /* SDWebImageMapKit in Frameworks */ = {isa = PBXBuildFile; productRef = 7E38C2D42B73F89C00951752 /* SDWebImageMapKit */; };
		7E65383A2B8363E7005DD8F7 /* PostDetailsView.swift in Sources */ = {isa = PBXBuildFile; fileRef = 7E6538392B8363E7005DD8F7 /* PostDetailsView.swift */; };
		7E65383E2B83676F005DD8F7 /* PostView.xib in Resources */ = {isa = PBXBuildFile; fileRef = 7E65383D2B83676F005DD8F7 /* PostView.xib */; };
		7E6538402B83685E005DD8F7 /* PostView.swift in Sources */ = {isa = PBXBuildFile; fileRef = 7E65383F2B83685E005DD8F7 /* PostView.swift */; };
		7E68DB3F2B7E6B0900BA9C4F /* PostTableCell.swift in Sources */ = {isa = PBXBuildFile; fileRef = 7E68DB3E2B7E6B0900BA9C4F /* PostTableCell.swift */; };
		7E9F27412B74DBEB00632854 /* Networking.swift in Sources */ = {isa = PBXBuildFile; fileRef = 7E9F27402B74DBEB00632854 /* Networking.swift */; };
		7EE47DF12B73E94200583612 /* AppDelegate.swift in Sources */ = {isa = PBXBuildFile; fileRef = 7EE47DF02B73E94200583612 /* AppDelegate.swift */; };
		7EE47DF32B73E94200583612 /* SceneDelegate.swift in Sources */ = {isa = PBXBuildFile; fileRef = 7EE47DF22B73E94200583612 /* SceneDelegate.swift */; };
		7EE47DF52B73E94200583612 /* PostListViewController.swift in Sources */ = {isa = PBXBuildFile; fileRef = 7EE47DF42B73E94200583612 /* PostListViewController.swift */; };
		7EE47DF82B73E94200583612 /* Main.storyboard in Resources */ = {isa = PBXBuildFile; fileRef = 7EE47DF62B73E94200583612 /* Main.storyboard */; };
		7EE47DFA2B73E94300583612 /* Assets.xcassets in Resources */ = {isa = PBXBuildFile; fileRef = 7EE47DF92B73E94300583612 /* Assets.xcassets */; };
		7EE47DFD2B73E94300583612 /* LaunchScreen.storyboard in Resources */ = {isa = PBXBuildFile; fileRef = 7EE47DFB2B73E94300583612 /* LaunchScreen.storyboard */; };
		7EE47E072B73F23B00583612 /* .gitignore in Resources */ = {isa = PBXBuildFile; fileRef = 7EE47E062B73F23B00583612 /* .gitignore */; };
/* End PBXBuildFile section */

/* Begin PBXFileReference section */
		7E0AE6A62B869EC100372FD4 /* PostListManager.swift */ = {isa = PBXFileReference; lastKnownFileType = sourcecode.swift; path = PostListManager.swift; sourceTree = "<group>"; };
		7E1B5F802BBDB5A400FA04E9 /* PostStructures.swift */ = {isa = PBXFileReference; lastKnownFileType = sourcecode.swift; path = PostStructures.swift; sourceTree = "<group>"; };
		7E1B5F822BBDB5BE00FA04E9 /* Errors.swift */ = {isa = PBXFileReference; lastKnownFileType = sourcecode.swift; path = Errors.swift; sourceTree = "<group>"; };
		7E1B5F842BBDB5EA00FA04E9 /* CommentStructures.swift */ = {isa = PBXFileReference; lastKnownFileType = sourcecode.swift; path = CommentStructures.swift; sourceTree = "<group>"; };
		7E1B5F8B2BBDB75600FA04E9 /* TimeManager.swift */ = {isa = PBXFileReference; lastKnownFileType = sourcecode.swift; path = TimeManager.swift; sourceTree = "<group>"; };
		7E1B5F8D2BBDBB2000FA04E9 /* CommentFetcher.swift */ = {isa = PBXFileReference; lastKnownFileType = sourcecode.swift; path = CommentFetcher.swift; sourceTree = "<group>"; };
		7E1B5F922BBDBCD800FA04E9 /* CommentView.swift */ = {isa = PBXFileReference; lastKnownFileType = sourcecode.swift; path = CommentView.swift; sourceTree = "<group>"; };
		7E1B5F942BBDBE7300FA04E9 /* CommentDetailsView.swift */ = {isa = PBXFileReference; lastKnownFileType = sourcecode.swift; path = CommentDetailsView.swift; sourceTree = "<group>"; };
		7E1B5F962BBDBEDE00FA04E9 /* CommentListView.swift */ = {isa = PBXFileReference; lastKnownFileType = sourcecode.swift; path = CommentListView.swift; sourceTree = "<group>"; };
		7E2324182B8F9205004EBA7C /* BookmarkView.swift */ = {isa = PBXFileReference; lastKnownFileType = sourcecode.swift; path = BookmarkView.swift; sourceTree = "<group>"; };
		7E24584E2BC98FA200AAE9AF /* CommentsListManager.swift */ = {isa = PBXFileReference; lastKnownFileType = sourcecode.swift; path = CommentsListManager.swift; sourceTree = "<group>"; };
		7E2E2F412B7E31C00068425B /* PostFetcher.swift */ = {isa = PBXFileReference; lastKnownFileType = sourcecode.swift; path = PostFetcher.swift; sourceTree = "<group>"; };
		7E6538392B8363E7005DD8F7 /* PostDetailsView.swift */ = {isa = PBXFileReference; lastKnownFileType = sourcecode.swift; path = PostDetailsView.swift; sourceTree = "<group>"; };
		7E65383D2B83676F005DD8F7 /* PostView.xib */ = {isa = PBXFileReference; lastKnownFileType = file.xib; path = PostView.xib; sourceTree = "<group>"; };
		7E65383F2B83685E005DD8F7 /* PostView.swift */ = {isa = PBXFileReference; lastKnownFileType = sourcecode.swift; path = PostView.swift; sourceTree = "<group>"; };
		7E68DB3E2B7E6B0900BA9C4F /* PostTableCell.swift */ = {isa = PBXFileReference; lastKnownFileType = sourcecode.swift; path = PostTableCell.swift; sourceTree = "<group>"; };
		7E9F27402B74DBEB00632854 /* Networking.swift */ = {isa = PBXFileReference; lastKnownFileType = sourcecode.swift; path = Networking.swift; sourceTree = "<group>"; };
		7EE47DED2B73E94200583612 /* MyRedditProject.app */ = {isa = PBXFileReference; explicitFileType = wrapper.application; includeInIndex = 0; path = MyRedditProject.app; sourceTree = BUILT_PRODUCTS_DIR; };
		7EE47DF02B73E94200583612 /* AppDelegate.swift */ = {isa = PBXFileReference; lastKnownFileType = sourcecode.swift; path = AppDelegate.swift; sourceTree = "<group>"; };
		7EE47DF22B73E94200583612 /* SceneDelegate.swift */ = {isa = PBXFileReference; lastKnownFileType = sourcecode.swift; path = SceneDelegate.swift; sourceTree = "<group>"; };
		7EE47DF42B73E94200583612 /* PostListViewController.swift */ = {isa = PBXFileReference; lastKnownFileType = sourcecode.swift; path = PostListViewController.swift; sourceTree = "<group>"; };
		7EE47DF72B73E94200583612 /* Base */ = {isa = PBXFileReference; lastKnownFileType = file.storyboard; name = Base; path = Base.lproj/Main.storyboard; sourceTree = "<group>"; };
		7EE47DF92B73E94300583612 /* Assets.xcassets */ = {isa = PBXFileReference; lastKnownFileType = folder.assetcatalog; path = Assets.xcassets; sourceTree = "<group>"; };
		7EE47DFC2B73E94300583612 /* Base */ = {isa = PBXFileReference; lastKnownFileType = file.storyboard; name = Base; path = Base.lproj/LaunchScreen.storyboard; sourceTree = "<group>"; };
		7EE47DFE2B73E94300583612 /* Info.plist */ = {isa = PBXFileReference; lastKnownFileType = text.plist.xml; path = Info.plist; sourceTree = "<group>"; };
		7EE47E062B73F23B00583612 /* .gitignore */ = {isa = PBXFileReference; lastKnownFileType = text; path = .gitignore; sourceTree = "<group>"; };
/* End PBXFileReference section */

/* Begin PBXFrameworksBuildPhase section */
		7EE47DEA2B73E94200583612 /* Frameworks */ = {
			isa = PBXFrameworksBuildPhase;
			buildActionMask = 2147483647;
			files = (
				7E38C2D52B73F89C00951752 /* SDWebImageMapKit in Frameworks */,
				7E38C2D32B73F89C00951752 /* SDWebImage in Frameworks */,
			);
			runOnlyForDeploymentPostprocessing = 0;
		};
/* End PBXFrameworksBuildPhase section */

/* Begin PBXGroup section */
		7E1B5F872BBDB69A00FA04E9 /* Services */ = {
			isa = PBXGroup;
			children = (
				7E0AE6A62B869EC100372FD4 /* PostListManager.swift */,
				7E1B5F8D2BBDBB2000FA04E9 /* CommentFetcher.swift */,
				7E2E2F412B7E31C00068425B /* PostFetcher.swift */,
				7E9F27402B74DBEB00632854 /* Networking.swift */,
				7E1B5F8B2BBDB75600FA04E9 /* TimeManager.swift */,
				7E24584E2BC98FA200AAE9AF /* CommentsListManager.swift */,
			);
			path = Services;
			sourceTree = "<group>";
		};
		7E1B5F882BBDB6C400FA04E9 /* CustomViews */ = {
			isa = PBXGroup;
			children = (
				7E1B5F8F2BBDBC9100FA04E9 /* Comments Views */,
				7E6538412B836B12005DD8F7 /* Post View */,
				7E2324182B8F9205004EBA7C /* BookmarkView.swift */,
				7E68DB3E2B7E6B0900BA9C4F /* PostTableCell.swift */,
				7E6538392B8363E7005DD8F7 /* PostDetailsView.swift */,
			);
			path = CustomViews;
			sourceTree = "<group>";
		};
		7E1B5F892BBDB72100FA04E9 /* ProjectDelegates */ = {
			isa = PBXGroup;
			children = (
				7EE47DF02B73E94200583612 /* AppDelegate.swift */,
				7EE47DF22B73E94200583612 /* SceneDelegate.swift */,
			);
			path = ProjectDelegates;
			sourceTree = "<group>";
		};
		7E1B5F8A2BBDB73A00FA04E9 /* ViewControllers */ = {
			isa = PBXGroup;
			children = (
				7EE47DF42B73E94200583612 /* PostListViewController.swift */,
			);
			path = ViewControllers;
			sourceTree = "<group>";
		};
		7E1B5F8F2BBDBC9100FA04E9 /* Comments Views */ = {
			isa = PBXGroup;
			children = (
				7E1B5F922BBDBCD800FA04E9 /* CommentView.swift */,
				7E1B5F962BBDBEDE00FA04E9 /* CommentListView.swift */,
				7E1B5F942BBDBE7300FA04E9 /* CommentDetailsView.swift */,
			);
			path = "Comments Views";
			sourceTree = "<group>";
		};
		7E6538412B836B12005DD8F7 /* Post View */ = {
			isa = PBXGroup;
			children = (
				7E65383D2B83676F005DD8F7 /* PostView.xib */,
				7E65383F2B83685E005DD8F7 /* PostView.swift */,
			);
			path = "Post View";
			sourceTree = "<group>";
		};
		7EE47DE42B73E94200583612 = {
			isa = PBXGroup;
			children = (
				7EE47E062B73F23B00583612 /* .gitignore */,
				7EE47DEF2B73E94200583612 /* MyRedditProject */,
				7EE47DEE2B73E94200583612 /* Products */,
			);
			sourceTree = "<group>";
		};
		7EE47DEE2B73E94200583612 /* Products */ = {
			isa = PBXGroup;
			children = (
				7EE47DED2B73E94200583612 /* MyRedditProject.app */,
			);
			name = Products;
			sourceTree = "<group>";
		};
		7EE47DEF2B73E94200583612 /* MyRedditProject */ = {
			isa = PBXGroup;
			children = (
				7E1B5F8A2BBDB73A00FA04E9 /* ViewControllers */,
				7E1B5F892BBDB72100FA04E9 /* ProjectDelegates */,
				7E1B5F872BBDB69A00FA04E9 /* Services */,
				7EF7BB922BBDB50A00935B88 /* Model */,
				7E1B5F882BBDB6C400FA04E9 /* CustomViews */,
				7EE47DF62B73E94200583612 /* Main.storyboard */,
				7EE47DF92B73E94300583612 /* Assets.xcassets */,
				7EE47DFB2B73E94300583612 /* LaunchScreen.storyboard */,
				7EE47DFE2B73E94300583612 /* Info.plist */,
			);
			path = MyRedditProject;
			sourceTree = "<group>";
		};
		7EF7BB922BBDB50A00935B88 /* Model */ = {
			isa = PBXGroup;
			children = (
				7E1B5F802BBDB5A400FA04E9 /* PostStructures.swift */,
				7E1B5F822BBDB5BE00FA04E9 /* Errors.swift */,
				7E1B5F842BBDB5EA00FA04E9 /* CommentStructures.swift */,
			);
			path = Model;
			sourceTree = "<group>";
		};
/* End PBXGroup section */

/* Begin PBXNativeTarget section */
		7EE47DEC2B73E94200583612 /* MyRedditProject */ = {
			isa = PBXNativeTarget;
			buildConfigurationList = 7EE47E012B73E94300583612 /* Build configuration list for PBXNativeTarget "MyRedditProject" */;
			buildPhases = (
				7EE47DE92B73E94200583612 /* Sources */,
				7EE47DEA2B73E94200583612 /* Frameworks */,
				7EE47DEB2B73E94200583612 /* Resources */,
			);
			buildRules = (
			);
			dependencies = (
			);
			name = MyRedditProject;
			packageProductDependencies = (
				7E38C2D22B73F89C00951752 /* SDWebImage */,
				7E38C2D42B73F89C00951752 /* SDWebImageMapKit */,
			);
			productName = MyRedditProject;
			productReference = 7EE47DED2B73E94200583612 /* MyRedditProject.app */;
			productType = "com.apple.product-type.application";
		};
/* End PBXNativeTarget section */

/* Begin PBXProject section */
		7EE47DE52B73E94200583612 /* Project object */ = {
			isa = PBXProject;
			attributes = {
				BuildIndependentTargetsInParallel = 1;
				LastSwiftUpdateCheck = 1520;
				LastUpgradeCheck = 1520;
				TargetAttributes = {
					7EE47DEC2B73E94200583612 = {
						CreatedOnToolsVersion = 15.2;
					};
				};
			};
			buildConfigurationList = 7EE47DE82B73E94200583612 /* Build configuration list for PBXProject "MyRedditProject" */;
			compatibilityVersion = "Xcode 14.0";
			developmentRegion = en;
			hasScannedForEncodings = 0;
			knownRegions = (
				en,
				Base,
			);
			mainGroup = 7EE47DE42B73E94200583612;
			packageReferences = (
				7E38C2D12B73F89C00951752 /* XCRemoteSwiftPackageReference "SDWebImage" */,
			);
			productRefGroup = 7EE47DEE2B73E94200583612 /* Products */;
			projectDirPath = "";
			projectRoot = "";
			targets = (
				7EE47DEC2B73E94200583612 /* MyRedditProject */,
			);
		};
/* End PBXProject section */

/* Begin PBXResourcesBuildPhase section */
		7EE47DEB2B73E94200583612 /* Resources */ = {
			isa = PBXResourcesBuildPhase;
			buildActionMask = 2147483647;
			files = (
				7EE47E072B73F23B00583612 /* .gitignore in Resources */,
				7EE47DFD2B73E94300583612 /* LaunchScreen.storyboard in Resources */,
				7E65383E2B83676F005DD8F7 /* PostView.xib in Resources */,
				7EE47DFA2B73E94300583612 /* Assets.xcassets in Resources */,
				7EE47DF82B73E94200583612 /* Main.storyboard in Resources */,
			);
			runOnlyForDeploymentPostprocessing = 0;
		};
/* End PBXResourcesBuildPhase section */

/* Begin PBXSourcesBuildPhase section */
		7EE47DE92B73E94200583612 /* Sources */ = {
			isa = PBXSourcesBuildPhase;
			buildActionMask = 2147483647;
			files = (
				7E1B5F952BBDBE7300FA04E9 /* CommentDetailsView.swift in Sources */,
				7E24584F2BC98FA200AAE9AF /* CommentsListManager.swift in Sources */,
				7E65383A2B8363E7005DD8F7 /* PostDetailsView.swift in Sources */,
				7E2324192B8F9205004EBA7C /* BookmarkView.swift in Sources */,
				7E1B5F8C2BBDB75600FA04E9 /* TimeManager.swift in Sources */,
				7E68DB3F2B7E6B0900BA9C4F /* PostTableCell.swift in Sources */,
				7EE47DF52B73E94200583612 /* PostListViewController.swift in Sources */,
				7E2E2F422B7E31C00068425B /* PostFetcher.swift in Sources */,
				7EE47DF12B73E94200583612 /* AppDelegate.swift in Sources */,
				7E1B5F832BBDB5BE00FA04E9 /* Errors.swift in Sources */,
				7EE47DF32B73E94200583612 /* SceneDelegate.swift in Sources */,
				7E1B5F972BBDBEDE00FA04E9 /* CommentListView.swift in Sources */,
				7E1B5F8E2BBDBB2000FA04E9 /* CommentFetcher.swift in Sources */,
				7E1B5F932BBDBCD800FA04E9 /* CommentView.swift in Sources */,
				7E1B5F852BBDB5EA00FA04E9 /* CommentStructures.swift in Sources */,
				7E0AE6A72B869EC100372FD4 /* PostListManager.swift in Sources */,
				7E1B5F812BBDB5A400FA04E9 /* PostStructures.swift in Sources */,
				7E6538402B83685E005DD8F7 /* PostView.swift in Sources */,
				7E9F27412B74DBEB00632854 /* Networking.swift in Sources */,
			);
			runOnlyForDeploymentPostprocessing = 0;
		};
/* End PBXSourcesBuildPhase section */

/* Begin PBXVariantGroup section */
		7EE47DF62B73E94200583612 /* Main.storyboard */ = {
			isa = PBXVariantGroup;
			children = (
				7EE47DF72B73E94200583612 /* Base */,
			);
			name = Main.storyboard;
			sourceTree = "<group>";
		};
		7EE47DFB2B73E94300583612 /* LaunchScreen.storyboard */ = {
			isa = PBXVariantGroup;
			children = (
				7EE47DFC2B73E94300583612 /* Base */,
			);
			name = LaunchScreen.storyboard;
			sourceTree = "<group>";
		};
/* End PBXVariantGroup section */

/* Begin XCBuildConfiguration section */
		7EE47DFF2B73E94300583612 /* Debug */ = {
			isa = XCBuildConfiguration;
			buildSettings = {
				ALWAYS_SEARCH_USER_PATHS = NO;
				ASSETCATALOG_COMPILER_GENERATE_SWIFT_ASSET_SYMBOL_EXTENSIONS = YES;
				CLANG_ANALYZER_NONNULL = YES;
				CLANG_ANALYZER_NUMBER_OBJECT_CONVERSION = YES_AGGRESSIVE;
				CLANG_CXX_LANGUAGE_STANDARD = "gnu++20";
				CLANG_ENABLE_MODULES = YES;
				CLANG_ENABLE_OBJC_ARC = YES;
				CLANG_ENABLE_OBJC_WEAK = YES;
				CLANG_WARN_BLOCK_CAPTURE_AUTORELEASING = YES;
				CLANG_WARN_BOOL_CONVERSION = YES;
				CLANG_WARN_COMMA = YES;
				CLANG_WARN_CONSTANT_CONVERSION = YES;
				CLANG_WARN_DEPRECATED_OBJC_IMPLEMENTATIONS = YES;
				CLANG_WARN_DIRECT_OBJC_ISA_USAGE = YES_ERROR;
				CLANG_WARN_DOCUMENTATION_COMMENTS = YES;
				CLANG_WARN_EMPTY_BODY = YES;
				CLANG_WARN_ENUM_CONVERSION = YES;
				CLANG_WARN_INFINITE_RECURSION = YES;
				CLANG_WARN_INT_CONVERSION = YES;
				CLANG_WARN_NON_LITERAL_NULL_CONVERSION = YES;
				CLANG_WARN_OBJC_IMPLICIT_RETAIN_SELF = YES;
				CLANG_WARN_OBJC_LITERAL_CONVERSION = YES;
				CLANG_WARN_OBJC_ROOT_CLASS = YES_ERROR;
				CLANG_WARN_QUOTED_INCLUDE_IN_FRAMEWORK_HEADER = YES;
				CLANG_WARN_RANGE_LOOP_ANALYSIS = YES;
				CLANG_WARN_STRICT_PROTOTYPES = YES;
				CLANG_WARN_SUSPICIOUS_MOVE = YES;
				CLANG_WARN_UNGUARDED_AVAILABILITY = YES_AGGRESSIVE;
				CLANG_WARN_UNREACHABLE_CODE = YES;
				CLANG_WARN__DUPLICATE_METHOD_MATCH = YES;
				COPY_PHASE_STRIP = NO;
				DEBUG_INFORMATION_FORMAT = dwarf;
				ENABLE_STRICT_OBJC_MSGSEND = YES;
				ENABLE_TESTABILITY = YES;
				ENABLE_USER_SCRIPT_SANDBOXING = YES;
				GCC_C_LANGUAGE_STANDARD = gnu17;
				GCC_DYNAMIC_NO_PIC = NO;
				GCC_NO_COMMON_BLOCKS = YES;
				GCC_OPTIMIZATION_LEVEL = 0;
				GCC_PREPROCESSOR_DEFINITIONS = (
					"DEBUG=1",
					"$(inherited)",
				);
				GCC_WARN_64_TO_32_BIT_CONVERSION = YES;
				GCC_WARN_ABOUT_RETURN_TYPE = YES_ERROR;
				GCC_WARN_UNDECLARED_SELECTOR = YES;
				GCC_WARN_UNINITIALIZED_AUTOS = YES_AGGRESSIVE;
				GCC_WARN_UNUSED_FUNCTION = YES;
				GCC_WARN_UNUSED_VARIABLE = YES;
				IPHONEOS_DEPLOYMENT_TARGET = 17.2;
				LOCALIZATION_PREFERS_STRING_CATALOGS = YES;
				MTL_ENABLE_DEBUG_INFO = INCLUDE_SOURCE;
				MTL_FAST_MATH = YES;
				ONLY_ACTIVE_ARCH = YES;
				SDKROOT = iphoneos;
				SWIFT_ACTIVE_COMPILATION_CONDITIONS = "DEBUG $(inherited)";
				SWIFT_OPTIMIZATION_LEVEL = "-Onone";
			};
			name = Debug;
		};
		7EE47E002B73E94300583612 /* Release */ = {
			isa = XCBuildConfiguration;
			buildSettings = {
				ALWAYS_SEARCH_USER_PATHS = NO;
				ASSETCATALOG_COMPILER_GENERATE_SWIFT_ASSET_SYMBOL_EXTENSIONS = YES;
				CLANG_ANALYZER_NONNULL = YES;
				CLANG_ANALYZER_NUMBER_OBJECT_CONVERSION = YES_AGGRESSIVE;
				CLANG_CXX_LANGUAGE_STANDARD = "gnu++20";
				CLANG_ENABLE_MODULES = YES;
				CLANG_ENABLE_OBJC_ARC = YES;
				CLANG_ENABLE_OBJC_WEAK = YES;
				CLANG_WARN_BLOCK_CAPTURE_AUTORELEASING = YES;
				CLANG_WARN_BOOL_CONVERSION = YES;
				CLANG_WARN_COMMA = YES;
				CLANG_WARN_CONSTANT_CONVERSION = YES;
				CLANG_WARN_DEPRECATED_OBJC_IMPLEMENTATIONS = YES;
				CLANG_WARN_DIRECT_OBJC_ISA_USAGE = YES_ERROR;
				CLANG_WARN_DOCUMENTATION_COMMENTS = YES;
				CLANG_WARN_EMPTY_BODY = YES;
				CLANG_WARN_ENUM_CONVERSION = YES;
				CLANG_WARN_INFINITE_RECURSION = YES;
				CLANG_WARN_INT_CONVERSION = YES;
				CLANG_WARN_NON_LITERAL_NULL_CONVERSION = YES;
				CLANG_WARN_OBJC_IMPLICIT_RETAIN_SELF = YES;
				CLANG_WARN_OBJC_LITERAL_CONVERSION = YES;
				CLANG_WARN_OBJC_ROOT_CLASS = YES_ERROR;
				CLANG_WARN_QUOTED_INCLUDE_IN_FRAMEWORK_HEADER = YES;
				CLANG_WARN_RANGE_LOOP_ANALYSIS = YES;
				CLANG_WARN_STRICT_PROTOTYPES = YES;
				CLANG_WARN_SUSPICIOUS_MOVE = YES;
				CLANG_WARN_UNGUARDED_AVAILABILITY = YES_AGGRESSIVE;
				CLANG_WARN_UNREACHABLE_CODE = YES;
				CLANG_WARN__DUPLICATE_METHOD_MATCH = YES;
				COPY_PHASE_STRIP = NO;
				DEBUG_INFORMATION_FORMAT = "dwarf-with-dsym";
				ENABLE_NS_ASSERTIONS = NO;
				ENABLE_STRICT_OBJC_MSGSEND = YES;
				ENABLE_USER_SCRIPT_SANDBOXING = YES;
				GCC_C_LANGUAGE_STANDARD = gnu17;
				GCC_NO_COMMON_BLOCKS = YES;
				GCC_WARN_64_TO_32_BIT_CONVERSION = YES;
				GCC_WARN_ABOUT_RETURN_TYPE = YES_ERROR;
				GCC_WARN_UNDECLARED_SELECTOR = YES;
				GCC_WARN_UNINITIALIZED_AUTOS = YES_AGGRESSIVE;
				GCC_WARN_UNUSED_FUNCTION = YES;
				GCC_WARN_UNUSED_VARIABLE = YES;
				IPHONEOS_DEPLOYMENT_TARGET = 17.2;
				LOCALIZATION_PREFERS_STRING_CATALOGS = YES;
				MTL_ENABLE_DEBUG_INFO = NO;
				MTL_FAST_MATH = YES;
				SDKROOT = iphoneos;
				SWIFT_COMPILATION_MODE = wholemodule;
				VALIDATE_PRODUCT = YES;
			};
			name = Release;
		};
		7EE47E022B73E94300583612 /* Debug */ = {
			isa = XCBuildConfiguration;
			buildSettings = {
				ASSETCATALOG_COMPILER_APPICON_NAME = AppIcon;
				ASSETCATALOG_COMPILER_GLOBAL_ACCENT_COLOR_NAME = AccentColor;
				CODE_SIGN_STYLE = Automatic;
				CURRENT_PROJECT_VERSION = 1;
				DEVELOPMENT_TEAM = VNU8KKW4GG;
				GENERATE_INFOPLIST_FILE = YES;
				INFOPLIST_FILE = MyRedditProject/Info.plist;
				INFOPLIST_KEY_UIApplicationSupportsIndirectInputEvents = YES;
				INFOPLIST_KEY_UILaunchStoryboardName = LaunchScreen;
				INFOPLIST_KEY_UIMainStoryboardFile = Main;
				INFOPLIST_KEY_UISupportedInterfaceOrientations_iPad = "UIInterfaceOrientationPortrait UIInterfaceOrientationPortraitUpsideDown UIInterfaceOrientationLandscapeLeft UIInterfaceOrientationLandscapeRight";
				INFOPLIST_KEY_UISupportedInterfaceOrientations_iPhone = "UIInterfaceOrientationPortrait UIInterfaceOrientationLandscapeLeft UIInterfaceOrientationLandscapeRight";
				IPHONEOS_DEPLOYMENT_TARGET = 17.0;
				LD_RUNPATH_SEARCH_PATHS = (
					"$(inherited)",
					"@executable_path/Frameworks",
				);
				MARKETING_VERSION = 1.0;
				PRODUCT_BUNDLE_IDENTIFIER = ua.edu.ukma.litvinchuk.MyRedditProject;
				PRODUCT_NAME = "$(TARGET_NAME)";
				SUPPORTED_PLATFORMS = "iphoneos iphonesimulator";
				SUPPORTS_MACCATALYST = NO;
				SUPPORTS_MAC_DESIGNED_FOR_IPHONE_IPAD = NO;
				SUPPORTS_XR_DESIGNED_FOR_IPHONE_IPAD = NO;
				SWIFT_EMIT_LOC_STRINGS = YES;
				SWIFT_VERSION = 5.0;
				TARGETED_DEVICE_FAMILY = 1;
			};
			name = Debug;
		};
		7EE47E032B73E94300583612 /* Release */ = {
			isa = XCBuildConfiguration;
			buildSettings = {
				ASSETCATALOG_COMPILER_APPICON_NAME = AppIcon;
				ASSETCATALOG_COMPILER_GLOBAL_ACCENT_COLOR_NAME = AccentColor;
				CODE_SIGN_STYLE = Automatic;
				CURRENT_PROJECT_VERSION = 1;
				DEVELOPMENT_TEAM = VNU8KKW4GG;
				GENERATE_INFOPLIST_FILE = YES;
				INFOPLIST_FILE = MyRedditProject/Info.plist;
				INFOPLIST_KEY_UIApplicationSupportsIndirectInputEvents = YES;
				INFOPLIST_KEY_UILaunchStoryboardName = LaunchScreen;
				INFOPLIST_KEY_UIMainStoryboardFile = Main;
				INFOPLIST_KEY_UISupportedInterfaceOrientations_iPad = "UIInterfaceOrientationPortrait UIInterfaceOrientationPortraitUpsideDown UIInterfaceOrientationLandscapeLeft UIInterfaceOrientationLandscapeRight";
				INFOPLIST_KEY_UISupportedInterfaceOrientations_iPhone = "UIInterfaceOrientationPortrait UIInterfaceOrientationLandscapeLeft UIInterfaceOrientationLandscapeRight";
				IPHONEOS_DEPLOYMENT_TARGET = 17.0;
				LD_RUNPATH_SEARCH_PATHS = (
					"$(inherited)",
					"@executable_path/Frameworks",
				);
				MARKETING_VERSION = 1.0;
				PRODUCT_BUNDLE_IDENTIFIER = ua.edu.ukma.litvinchuk.MyRedditProject;
				PRODUCT_NAME = "$(TARGET_NAME)";
				SUPPORTED_PLATFORMS = "iphoneos iphonesimulator";
				SUPPORTS_MACCATALYST = NO;
				SUPPORTS_MAC_DESIGNED_FOR_IPHONE_IPAD = NO;
				SUPPORTS_XR_DESIGNED_FOR_IPHONE_IPAD = NO;
				SWIFT_EMIT_LOC_STRINGS = YES;
				SWIFT_VERSION = 5.0;
				TARGETED_DEVICE_FAMILY = 1;
			};
			name = Release;
		};
/* End XCBuildConfiguration section */

/* Begin XCConfigurationList section */
		7EE47DE82B73E94200583612 /* Build configuration list for PBXProject "MyRedditProject" */ = {
			isa = XCConfigurationList;
			buildConfigurations = (
				7EE47DFF2B73E94300583612 /* Debug */,
				7EE47E002B73E94300583612 /* Release */,
			);
			defaultConfigurationIsVisible = 0;
			defaultConfigurationName = Release;
		};
		7EE47E012B73E94300583612 /* Build configuration list for PBXNativeTarget "MyRedditProject" */ = {
			isa = XCConfigurationList;
			buildConfigurations = (
				7EE47E022B73E94300583612 /* Debug */,
				7EE47E032B73E94300583612 /* Release */,
			);
			defaultConfigurationIsVisible = 0;
			defaultConfigurationName = Release;
		};
/* End XCConfigurationList section */

/* Begin XCRemoteSwiftPackageReference section */
		7E38C2D12B73F89C00951752 /* XCRemoteSwiftPackageReference "SDWebImage" */ = {
			isa = XCRemoteSwiftPackageReference;
			repositoryURL = "https://github.com/SDWebImage/SDWebImage";
			requirement = {
				kind = upToNextMajorVersion;
				minimumVersion = 5.18.10;
			};
		};
/* End XCRemoteSwiftPackageReference section */

/* Begin XCSwiftPackageProductDependency section */
		7E38C2D22B73F89C00951752 /* SDWebImage */ = {
			isa = XCSwiftPackageProductDependency;
			package = 7E38C2D12B73F89C00951752 /* XCRemoteSwiftPackageReference "SDWebImage" */;
			productName = SDWebImage;
		};
		7E38C2D42B73F89C00951752 /* SDWebImageMapKit */ = {
			isa = XCSwiftPackageProductDependency;
			package = 7E38C2D12B73F89C00951752 /* XCRemoteSwiftPackageReference "SDWebImage" */;
			productName = SDWebImageMapKit;
		};
/* End XCSwiftPackageProductDependency section */
	};
	rootObject = 7EE47DE52B73E94200583612 /* Project object */;
}
